{
  "nodes": {
    "nixpkgs": {
      "locked": {
        "lastModified": 0,
        "narHash": "sha256-8BO3B7e3BiyIDsaKA0tY8O88rClYRTjvAp66y+VBUeU=",
        "path": "/nix/store/qzjidyx3fip413vg7by6ibl22lwizc68-source",
        "type": "path"
      },
      "original": {
        "id": "nixpkgs",
        "type": "indirect"
      }
    },
    "nixpkgs_2": {
      "locked": {
        "lastModified": 0,
        "narHash": "sha256-8BO3B7e3BiyIDsaKA0tY8O88rClYRTjvAp66y+VBUeU=",
        "path": "/nix/store/qzjidyx3fip413vg7by6ibl22lwizc68-source",
        "type": "path"
      },
      "original": {
        "id": "nixpkgs",
        "type": "indirect"
      }
    },
    "playdate-sdk": {
      "inputs": {
        "nixpkgs": "nixpkgs_2"
      },
      "locked": {
        "lastModified": 1716754557,
        "narHash": "sha256-am2itYUHAWu070MgHdPyvS9afu3buYhAORG39zrDgUg=",
        "owner": "RegularTetragon",
        "repo": "playdate-sdk-flake",
        "rev": "c239b0784f62094f9e37520575eb69bf2bd55bcb",
        "type": "github"
      },
      "original": {
        "owner": "RegularTetragon",
        "repo": "playdate-sdk-flake",
        "type": "github"
      }
    },
    "root": {
      "inputs": {
        "nixpkgs": "nixpkgs",
        "playdate-sdk": "playdate-sdk"
      }
    }
  },
  "root": "root",
  "version": 7
}
