{
  "nodes": {
    "nixpkgs": {
      "locked": {
        "lastModified": 0,
        "narHash": "sha256-8BO3B7e3BiyIDsaKA0tY8O88rClYRTjvAp66y+VBUeU=",
        "path": "/nix/store/qzjidyx3fip413vg7by6ibl22lwizc68-source",
        "type": "path"
      },
      "original": {
        "id": "nixpkgs",
        "type": "indirect"
      }
    },
    "nixpkgs_2": {
      "locked": {
        "lastModified": 0,
        "narHash": "sha256-8BO3B7e3BiyIDsaKA0tY8O88rClYRTjvAp66y+VBUeU=",
        "path": "/nix/store/qzjidyx3fip413vg7by6ibl22lwizc68-source",
        "type": "path"
      },
      "original": {
        "id": "nixpkgs",
        "type": "indirect"
      }
    },
    "playdate-sdk": {
      "inputs": {
        "nixpkgs": "nixpkgs_2"
      },
      "locked": {
        "lastModified": 1716767382,
        "narHash": "sha256-bbigOKTVphxIT3YGGUxdhL8PawJKJKB7GzfkJ3Fpyqg=",
        "owner": "RegularTetragon",
        "repo": "playdate-sdk-flake",
        "rev": "9f1aeaa5b57c515ef13425accfe3b2152bde87e5",
        "type": "github"
      },
      "original": {
        "owner": "RegularTetragon",
        "repo": "playdate-sdk-flake",
        "type": "github"
      }
    },
    "root": {
      "inputs": {
        "nixpkgs": "nixpkgs",
        "playdate-sdk": "playdate-sdk"
      }
    }
  },
  "root": "root",
  "version": 7
}
